
Microsoft Visual Studio Solution File, Format Version 12.00
Project("{FAE04EC0-301F-11D3-BF4B-00C04F79EFBC}") = "DogfightServer", "DogfightServer\DogfightServer.csproj", "{4C59E4E5-F0C7-48B2-BB80-747249948CDF}"
EndProject
Global
	GlobalSection(SolutionConfigurationPlatforms) = preSolution
		Debug|Any CPU = Debug|Any CPU
		Release|Any CPU = Release|Any CPU
	EndGlobalSection
	GlobalSection(ProjectConfigurationPlatforms) = postSolution
		{4C59E4E5-F0C7-48B2-BB80-747249948CDF}.Debug|Any CPU.ActiveCfg = Debug|Any CPU
		{4C59E4E5-F0C7-48B2-BB80-747249948CDF}.Debug|Any CPU.Build.0 = Debug|Any CPU
		{4C59E4E5-F0C7-48B2-BB80-747249948CDF}.Release|Any CPU.ActiveCfg = Release|Any CPU
		{4C59E4E5-F0C7-48B2-BB80-747249948CDF}.Release|Any CPU.Build.0 = Release|Any CPU
	EndGlobalSection
EndGlobal
